
Microsoft Visual Studio Solution File, Format Version 12.00
# Visual Studio Version 17
VisualStudioVersion = 17.5.002.0
MinimumVisualStudioVersion = 10.0.40219.1
Project("{9A19103F-16F7-4668-BE54-9A1E7A4F7556}") = "abstract-class", "abstract-class\abstract-class.csproj", "{81DE5A22-E587-4BA4-A3EE-7DA67D57BA38}"
EndProject
Project("{9A19103F-16F7-4668-BE54-9A1E7A4F7556}") = "access-modifires", "access-modifires\access-modifires.csproj", "{8A8822C1-5C67-4FDD-B565-4CA7CC1A8CD0}"
EndProject
Project("{9A19103F-16F7-4668-BE54-9A1E7A4F7556}") = "basekeyword", "basekeyword\basekeyword.csproj", "{0588ACE0-7CF6-4E38-A2A7-3A08EADB03A6}"
EndProject
Project("{9A19103F-16F7-4668-BE54-9A1E7A4F7556}") = "basekeyword_2", "basekeyword_2\basekeyword_2.csproj", "{03798E19-5772-48F3-A996-3B51ECB7594C}"
EndProject
Project("{9A19103F-16F7-4668-BE54-9A1E7A4F7556}") = "casting", "casting\casting.csproj", "{6C343111-0D72-41F7-8838-8892F3B5C710}"
EndProject
Project("{9A19103F-16F7-4668-BE54-9A1E7A4F7556}") = "casting-2", "casting-2\casting-2.csproj", "{CCF2FE3F-D851-41CB-8FEA-E9C9B1FA9B76}"
EndProject
Project("{9A19103F-16F7-4668-BE54-9A1E7A4F7556}") = "constructor", "constructor\constructor.csproj", "{75A12AD2-6E8A-4F64-AC74-DF9D34B318D5}"
EndProject
Project("{9A19103F-16F7-4668-BE54-9A1E7A4F7556}") = "Delegates", "Delegates\Delegates.csproj", "{B93E778C-7991-4120-A94C-152861F07AD0}"
EndProject
Project("{9A19103F-16F7-4668-BE54-9A1E7A4F7556}") = "Events", "Events\Events.csproj", "{6F8B7A15-A4BB-455D-8E5D-C41EBB0BEC72}"
EndProject
Project("{9A19103F-16F7-4668-BE54-9A1E7A4F7556}") = "file-io", "file-io\file-io.csproj", "{B552CC32-F381-411F-83AA-DAB43FE99048}"
EndProject
Project("{9A19103F-16F7-4668-BE54-9A1E7A4F7556}") = "file-io-2", "file-io-2\file-io-2.csproj", "{A41F42E3-59E2-4F10-84F1-F3F7BA28CD49}"
EndProject
Project("{9A19103F-16F7-4668-BE54-9A1E7A4F7556}") = "file-io-3", "file-io-3\file-io-3.csproj", "{B81B82E0-2FC4-42CE-B368-0FBE0003606F}"
EndProject
Project("{9A19103F-16F7-4668-BE54-9A1E7A4F7556}") = "interface", "interface\interface.csproj", "{1AE8850D-937B-45BF-BB1C-9F23C74C1ECC}"
EndProject
Project("{9A19103F-16F7-4668-BE54-9A1E7A4F7556}") = "interface-2", "interface-2\interface-2.csproj", "{4DD5D196-D0C4-4F73-AFEE-6B2FCB4E25B4}"
EndProject
Project("{9A19103F-16F7-4668-BE54-9A1E7A4F7556}") = "interface-3", "interface-3\interface-3.csproj", "{2A4B4BA9-91AC-4D64-A215-53447027A866}"
EndProject
Project("{9A19103F-16F7-4668-BE54-9A1E7A4F7556}") = "LINQ", "LINQ\LINQ.csproj", "{5BE0C2D9-2725-411A-861D-71455A9D33AE}"
EndProject
Project("{9A19103F-16F7-4668-BE54-9A1E7A4F7556}") = "LINQ-2", "LINQ-2\LINQ-2.csproj", "{A97A2B55-0BA1-4A3B-B702-59A82F02C0AF}"
EndProject
Project("{9A19103F-16F7-4668-BE54-9A1E7A4F7556}") = "overriding", "overriding\overriding.csproj", "{06EBFD29-A6EB-4EE8-B792-E96154D74EA3}"
EndProject
Project("{9A19103F-16F7-4668-BE54-9A1E7A4F7556}") = "static-keyword", "static-keyword\static-keyword.csproj", "{42A76C57-B0B2-453D-BE39-87E37DF32B08}"
EndProject
Project("{9A19103F-16F7-4668-BE54-9A1E7A4F7556}") = "thiskeyword", "thiskeyword\thiskeyword.csproj", "{51212335-44D6-4C20-B8A5-8548353FF1C9}"
EndProject
Global
	GlobalSection(SolutionConfigurationPlatforms) = preSolution
		Debug|Any CPU = Debug|Any CPU
		Release|Any CPU = Release|Any CPU
	EndGlobalSection
	GlobalSection(ProjectConfigurationPlatforms) = postSolution
		{81DE5A22-E587-4BA4-A3EE-7DA67D57BA38}.Debug|Any CPU.ActiveCfg = Debug|Any CPU
		{81DE5A22-E587-4BA4-A3EE-7DA67D57BA38}.Debug|Any CPU.Build.0 = Debug|Any CPU
		{81DE5A22-E587-4BA4-A3EE-7DA67D57BA38}.Release|Any CPU.ActiveCfg = Release|Any CPU
		{81DE5A22-E587-4BA4-A3EE-7DA67D57BA38}.Release|Any CPU.Build.0 = Release|Any CPU
		{8A8822C1-5C67-4FDD-B565-4CA7CC1A8CD0}.Debug|Any CPU.ActiveCfg = Debug|Any CPU
		{8A8822C1-5C67-4FDD-B565-4CA7CC1A8CD0}.Debug|Any CPU.Build.0 = Debug|Any CPU
		{8A8822C1-5C67-4FDD-B565-4CA7CC1A8CD0}.Release|Any CPU.ActiveCfg = Release|Any CPU
		{8A8822C1-5C67-4FDD-B565-4CA7CC1A8CD0}.Release|Any CPU.Build.0 = Release|Any CPU
		{0588ACE0-7CF6-4E38-A2A7-3A08EADB03A6}.Debug|Any CPU.ActiveCfg = Debug|Any CPU
		{0588ACE0-7CF6-4E38-A2A7-3A08EADB03A6}.Debug|Any CPU.Build.0 = Debug|Any CPU
		{0588ACE0-7CF6-4E38-A2A7-3A08EADB03A6}.Release|Any CPU.ActiveCfg = Release|Any CPU
		{0588ACE0-7CF6-4E38-A2A7-3A08EADB03A6}.Release|Any CPU.Build.0 = Release|Any CPU
		{03798E19-5772-48F3-A996-3B51ECB7594C}.Debug|Any CPU.ActiveCfg = Debug|Any CPU
		{03798E19-5772-48F3-A996-3B51ECB7594C}.Debug|Any CPU.Build.0 = Debug|Any CPU
		{03798E19-5772-48F3-A996-3B51ECB7594C}.Release|Any CPU.ActiveCfg = Release|Any CPU
		{03798E19-5772-48F3-A996-3B51ECB7594C}.Release|Any CPU.Build.0 = Release|Any CPU
		{6C343111-0D72-41F7-8838-8892F3B5C710}.Debug|Any CPU.ActiveCfg = Debug|Any CPU
		{6C343111-0D72-41F7-8838-8892F3B5C710}.Debug|Any CPU.Build.0 = Debug|Any CPU
		{6C343111-0D72-41F7-8838-8892F3B5C710}.Release|Any CPU.ActiveCfg = Release|Any CPU
		{6C343111-0D72-41F7-8838-8892F3B5C710}.Release|Any CPU.Build.0 = Release|Any CPU
		{CCF2FE3F-D851-41CB-8FEA-E9C9B1FA9B76}.Debug|Any CPU.ActiveCfg = Debug|Any CPU
		{CCF2FE3F-D851-41CB-8FEA-E9C9B1FA9B76}.Debug|Any CPU.Build.0 = Debug|Any CPU
		{CCF2FE3F-D851-41CB-8FEA-E9C9B1FA9B76}.Release|Any CPU.ActiveCfg = Release|Any CPU
		{CCF2FE3F-D851-41CB-8FEA-E9C9B1FA9B76}.Release|Any CPU.Build.0 = Release|Any CPU
		{75A12AD2-6E8A-4F64-AC74-DF9D34B318D5}.Debug|Any CPU.ActiveCfg = Debug|Any CPU
		{75A12AD2-6E8A-4F64-AC74-DF9D34B318D5}.Debug|Any CPU.Build.0 = Debug|Any CPU
		{75A12AD2-6E8A-4F64-AC74-DF9D34B318D5}.Release|Any CPU.ActiveCfg = Release|Any CPU
		{75A12AD2-6E8A-4F64-AC74-DF9D34B318D5}.Release|Any CPU.Build.0 = Release|Any CPU
		{B93E778C-7991-4120-A94C-152861F07AD0}.Debug|Any CPU.ActiveCfg = Debug|Any CPU
		{B93E778C-7991-4120-A94C-152861F07AD0}.Debug|Any CPU.Build.0 = Debug|Any CPU
		{B93E778C-7991-4120-A94C-152861F07AD0}.Release|Any CPU.ActiveCfg = Release|Any CPU
		{B93E778C-7991-4120-A94C-152861F07AD0}.Release|Any CPU.Build.0 = Release|Any CPU
		{6F8B7A15-A4BB-455D-8E5D-C41EBB0BEC72}.Debug|Any CPU.ActiveCfg = Debug|Any CPU
		{6F8B7A15-A4BB-455D-8E5D-C41EBB0BEC72}.Debug|Any CPU.Build.0 = Debug|Any CPU
		{6F8B7A15-A4BB-455D-8E5D-C41EBB0BEC72}.Release|Any CPU.ActiveCfg = Release|Any CPU
		{6F8B7A15-A4BB-455D-8E5D-C41EBB0BEC72}.Release|Any CPU.Build.0 = Release|Any CPU
		{B552CC32-F381-411F-83AA-DAB43FE99048}.Debug|Any CPU.ActiveCfg = Debug|Any CPU
		{B552CC32-F381-411F-83AA-DAB43FE99048}.Debug|Any CPU.Build.0 = Debug|Any CPU
		{B552CC32-F381-411F-83AA-DAB43FE99048}.Release|Any CPU.ActiveCfg = Release|Any CPU
		{B552CC32-F381-411F-83AA-DAB43FE99048}.Release|Any CPU.Build.0 = Release|Any CPU
		{A41F42E3-59E2-4F10-84F1-F3F7BA28CD49}.Debug|Any CPU.ActiveCfg = Debug|Any CPU
		{A41F42E3-59E2-4F10-84F1-F3F7BA28CD49}.Debug|Any CPU.Build.0 = Debug|Any CPU
		{A41F42E3-59E2-4F10-84F1-F3F7BA28CD49}.Release|Any CPU.ActiveCfg = Release|Any CPU
		{A41F42E3-59E2-4F10-84F1-F3F7BA28CD49}.Release|Any CPU.Build.0 = Release|Any CPU
		{B81B82E0-2FC4-42CE-B368-0FBE0003606F}.Debug|Any CPU.ActiveCfg = Debug|Any CPU
		{B81B82E0-2FC4-42CE-B368-0FBE0003606F}.Debug|Any CPU.Build.0 = Debug|Any CPU
		{B81B82E0-2FC4-42CE-B368-0FBE0003606F}.Release|Any CPU.ActiveCfg = Release|Any CPU
		{B81B82E0-2FC4-42CE-B368-0FBE0003606F}.Release|Any CPU.Build.0 = Release|Any CPU
		{1AE8850D-937B-45BF-BB1C-9F23C74C1ECC}.Debug|Any CPU.ActiveCfg = Debug|Any CPU
		{1AE8850D-937B-45BF-BB1C-9F23C74C1ECC}.Debug|Any CPU.Build.0 = Debug|Any CPU
		{1AE8850D-937B-45BF-BB1C-9F23C74C1ECC}.Release|Any CPU.ActiveCfg = Release|Any CPU
		{1AE8850D-937B-45BF-BB1C-9F23C74C1ECC}.Release|Any CPU.Build.0 = Release|Any CPU
		{4DD5D196-D0C4-4F73-AFEE-6B2FCB4E25B4}.Debug|Any CPU.ActiveCfg = Debug|Any CPU
		{4DD5D196-D0C4-4F73-AFEE-6B2FCB4E25B4}.Debug|Any CPU.Build.0 = Debug|Any CPU
		{4DD5D196-D0C4-4F73-AFEE-6B2FCB4E25B4}.Release|Any CPU.ActiveCfg = Release|Any CPU
		{4DD5D196-D0C4-4F73-AFEE-6B2FCB4E25B4}.Release|Any CPU.Build.0 = Release|Any CPU
		{2A4B4BA9-91AC-4D64-A215-53447027A866}.Debug|Any CPU.ActiveCfg = Debug|Any CPU
		{2A4B4BA9-91AC-4D64-A215-53447027A866}.Debug|Any CPU.Build.0 = Debug|Any CPU
		{2A4B4BA9-91AC-4D64-A215-53447027A866}.Release|Any CPU.ActiveCfg = Release|Any CPU
		{2A4B4BA9-91AC-4D64-A215-53447027A866}.Release|Any CPU.Build.0 = Release|Any CPU
		{5BE0C2D9-2725-411A-861D-71455A9D33AE}.Debug|Any CPU.ActiveCfg = Debug|Any CPU
		{5BE0C2D9-2725-411A-861D-71455A9D33AE}.Debug|Any CPU.Build.0 = Debug|Any CPU
		{5BE0C2D9-2725-411A-861D-71455A9D33AE}.Release|Any CPU.ActiveCfg = Release|Any CPU
		{5BE0C2D9-2725-411A-861D-71455A9D33AE}.Release|Any CPU.Build.0 = Release|Any CPU
		{A97A2B55-0BA1-4A3B-B702-59A82F02C0AF}.Debug|Any CPU.ActiveCfg = Debug|Any CPU
		{A97A2B55-0BA1-4A3B-B702-59A82F02C0AF}.Debug|Any CPU.Build.0 = Debug|Any CPU
		{A97A2B55-0BA1-4A3B-B702-59A82F02C0AF}.Release|Any CPU.ActiveCfg = Release|Any CPU
		{A97A2B55-0BA1-4A3B-B702-59A82F02C0AF}.Release|Any CPU.Build.0 = Release|Any CPU
		{06EBFD29-A6EB-4EE8-B792-E96154D74EA3}.Debug|Any CPU.ActiveCfg = Debug|Any CPU
		{06EBFD29-A6EB-4EE8-B792-E96154D74EA3}.Debug|Any CPU.Build.0 = Debug|Any CPU
		{06EBFD29-A6EB-4EE8-B792-E96154D74EA3}.Release|Any CPU.ActiveCfg = Release|Any CPU
		{06EBFD29-A6EB-4EE8-B792-E96154D74EA3}.Release|Any CPU.Build.0 = Release|Any CPU
		{42A76C57-B0B2-453D-BE39-87E37DF32B08}.Debug|Any CPU.ActiveCfg = Debug|Any CPU
		{42A76C57-B0B2-453D-BE39-87E37DF32B08}.Debug|Any CPU.Build.0 = Debug|Any CPU
		{42A76C57-B0B2-453D-BE39-87E37DF32B08}.Release|Any CPU.ActiveCfg = Release|Any CPU
		{42A76C57-B0B2-453D-BE39-87E37DF32B08}.Release|Any CPU.Build.0 = Release|Any CPU
		{51212335-44D6-4C20-B8A5-8548353FF1C9}.Debug|Any CPU.ActiveCfg = Debug|Any CPU
		{51212335-44D6-4C20-B8A5-8548353FF1C9}.Debug|Any CPU.Build.0 = Debug|Any CPU
		{51212335-44D6-4C20-B8A5-8548353FF1C9}.Release|Any CPU.ActiveCfg = Release|Any CPU
		{51212335-44D6-4C20-B8A5-8548353FF1C9}.Release|Any CPU.Build.0 = Release|Any CPU
	EndGlobalSection
	GlobalSection(SolutionProperties) = preSolution
		HideSolutionNode = FALSE
	EndGlobalSection
	GlobalSection(ExtensibilityGlobals) = postSolution
		SolutionGuid = {11C57FAC-6321-4EC7-83C2-FFD0671FBFC8}
	EndGlobalSection
EndGlobal
